
Microsoft Visual Studio Solution File, Format Version 12.00
# Visual Studio Version 16
VisualStudioVersion = 16.0.32510.428
MinimumVisualStudioVersion = 10.0.40219.1
Project("{FAE04EC0-301F-11D3-BF4B-00C04F79EFBC}") = "NetSales.Entities", "NetSales.Entities\NetSales.Entities.csproj", "{0E87AED1-1889-42D9-BD70-541BC5293D2F}"
EndProject
Project("{FAE04EC0-301F-11D3-BF4B-00C04F79EFBC}") = "NetSales.BackOffice", "NetSales.BackOffice\NetSales.BackOffice.csproj", "{33451686-C344-4066-AE5D-3F081CFD86B2}"
EndProject
Project("{FAE04EC0-301F-11D3-BF4B-00C04F79EFBC}") = "NetSatis.FrontOffice", "NetSatis.FrontOffice\NetSatis.FrontOffice.csproj", "{C15EA987-409F-4EB1-89BF-4B1CB4357C1D}"
EndProject
Global
	GlobalSection(SolutionConfigurationPlatforms) = preSolution
		Debug|Any CPU = Debug|Any CPU
		Release|Any CPU = Release|Any CPU
	EndGlobalSection
	GlobalSection(ProjectConfigurationPlatforms) = postSolution
		{0E87AED1-1889-42D9-BD70-541BC5293D2F}.Debug|Any CPU.ActiveCfg = Debug|Any CPU
		{0E87AED1-1889-42D9-BD70-541BC5293D2F}.Debug|Any CPU.Build.0 = Debug|Any CPU
		{0E87AED1-1889-42D9-BD70-541BC5293D2F}.Release|Any CPU.ActiveCfg = Release|Any CPU
		{0E87AED1-1889-42D9-BD70-541BC5293D2F}.Release|Any CPU.Build.0 = Release|Any CPU
		{33451686-C344-4066-AE5D-3F081CFD86B2}.Debug|Any CPU.ActiveCfg = Debug|Any CPU
		{33451686-C344-4066-AE5D-3F081CFD86B2}.Debug|Any CPU.Build.0 = Debug|Any CPU
		{33451686-C344-4066-AE5D-3F081CFD86B2}.Release|Any CPU.ActiveCfg = Release|Any CPU
		{33451686-C344-4066-AE5D-3F081CFD86B2}.Release|Any CPU.Build.0 = Release|Any CPU
		{C15EA987-409F-4EB1-89BF-4B1CB4357C1D}.Debug|Any CPU.ActiveCfg = Debug|Any CPU
		{C15EA987-409F-4EB1-89BF-4B1CB4357C1D}.Debug|Any CPU.Build.0 = Debug|Any CPU
		{C15EA987-409F-4EB1-89BF-4B1CB4357C1D}.Release|Any CPU.ActiveCfg = Release|Any CPU
		{C15EA987-409F-4EB1-89BF-4B1CB4357C1D}.Release|Any CPU.Build.0 = Release|Any CPU
	EndGlobalSection
	GlobalSection(SolutionProperties) = preSolution
		HideSolutionNode = FALSE
	EndGlobalSection
	GlobalSection(ExtensibilityGlobals) = postSolution
		SolutionGuid = {4E5D584D-75D1-4B2B-A2EE-15CC06357E0E}
	EndGlobalSection
EndGlobal
